
Microsoft Visual Studio Solution File, Format Version 12.00
# Visual Studio 14
VisualStudioVersion = 14.0.25420.1
MinimumVisualStudioVersion = 10.0.40219.1
Project("{FAE04EC0-301F-11D3-BF4B-00C04F79EFBC}") = "TestFlowSoftware", "TestStation\TestStationUI\TestFlowSoftware.csproj", "{A07D8F70-12AA-4720-886A-D7BE2C0CB30E}"
EndProject
Project("{2150E333-8FDC-42A3-9474-1A3956D46DE8}") = "ExternalLib", "ExternalLib", "{1E8DC17C-B93F-4CA6-BB5A-D25296824319}"
EndProject
Project("{FAE04EC0-301F-11D3-BF4B-00C04F79EFBC}") = "TestStationLimit", "TestStation\ExternalLib\TestStationLimit\TestStationLimit.csproj", "{9EC9428B-47CE-48EE-813A-D9C5DC1AFBD3}"
EndProject
Project("{FAE04EC0-301F-11D3-BF4B-00C04F79EFBC}") = "OperationPanel", "TestStationUi\OperationPanel.csproj", "{88BCEA91-2775-4120-8617-B680F947F6BD}"
EndProject
Project("{FAE04EC0-301F-11D3-BF4B-00C04F79EFBC}") = "TestStationCommon", "TestStationCommon\TestStationCommon.csproj", "{BE2C410D-EE30-4400-968D-B1BFEA448165}"
EndProject
Project("{FAE04EC0-301F-11D3-BF4B-00C04F79EFBC}") = "ParameterChecker", "ParameterChecker\ParameterChecker.csproj", "{28E0FE09-2EF3-41FE-8788-35870C601F1B}"
EndProject
Project("{2150E333-8FDC-42A3-9474-1A3956D46DE8}") = "Installer", "Installer", "{21FD1BDC-C334-4EFB-916F-0A51B3D72803}"
EndProject
Project("{FAE04EC0-301F-11D3-BF4B-00C04F79EFBC}") = "InstallDeploy", "Installer\InstallDeploy\InstallDeploy.csproj", "{9D663304-19B3-46DD-A519-384B6A72FF68}"
EndProject
Project("{54435603-DBB4-11D2-8724-00A0C9A8B90C}") = "TestFlowSoftwareInstaller", "Installer\TestFlowSoftwareInstaller\TestFlowSoftwareInstaller.vdproj", "{8E3D2D48-02F2-4906-941C-F1E239AC7AF3}"
EndProject
Project("{FAE04EC0-301F-11D3-BF4B-00C04F79EFBC}") = "WinformCommonOi", "TestStation\ExternalLib\WinformCommonOi\WinformCommonOi.csproj", "{F4578605-19FE-4441-94B0-6D0A75DEFB3A}"
EndProject
Global
	GlobalSection(SolutionConfigurationPlatforms) = preSolution
		Debug|Any CPU = Debug|Any CPU
		Release|Any CPU = Release|Any CPU
	EndGlobalSection
	GlobalSection(ProjectConfigurationPlatforms) = postSolution
		{A07D8F70-12AA-4720-886A-D7BE2C0CB30E}.Debug|Any CPU.ActiveCfg = Debug|Any CPU
		{A07D8F70-12AA-4720-886A-D7BE2C0CB30E}.Debug|Any CPU.Build.0 = Debug|Any CPU
		{A07D8F70-12AA-4720-886A-D7BE2C0CB30E}.Release|Any CPU.ActiveCfg = Release|Any CPU
		{A07D8F70-12AA-4720-886A-D7BE2C0CB30E}.Release|Any CPU.Build.0 = Release|Any CPU
		{9EC9428B-47CE-48EE-813A-D9C5DC1AFBD3}.Debug|Any CPU.ActiveCfg = Debug|Any CPU
		{9EC9428B-47CE-48EE-813A-D9C5DC1AFBD3}.Debug|Any CPU.Build.0 = Debug|Any CPU
		{9EC9428B-47CE-48EE-813A-D9C5DC1AFBD3}.Release|Any CPU.ActiveCfg = Release|Any CPU
		{9EC9428B-47CE-48EE-813A-D9C5DC1AFBD3}.Release|Any CPU.Build.0 = Release|Any CPU
		{88BCEA91-2775-4120-8617-B680F947F6BD}.Debug|Any CPU.ActiveCfg = Debug|Any CPU
		{88BCEA91-2775-4120-8617-B680F947F6BD}.Debug|Any CPU.Build.0 = Debug|Any CPU
		{88BCEA91-2775-4120-8617-B680F947F6BD}.Release|Any CPU.ActiveCfg = Release|Any CPU
		{88BCEA91-2775-4120-8617-B680F947F6BD}.Release|Any CPU.Build.0 = Release|Any CPU
		{BE2C410D-EE30-4400-968D-B1BFEA448165}.Debug|Any CPU.ActiveCfg = Debug|Any CPU
		{BE2C410D-EE30-4400-968D-B1BFEA448165}.Debug|Any CPU.Build.0 = Debug|Any CPU
		{BE2C410D-EE30-4400-968D-B1BFEA448165}.Release|Any CPU.ActiveCfg = Release|Any CPU
		{BE2C410D-EE30-4400-968D-B1BFEA448165}.Release|Any CPU.Build.0 = Release|Any CPU
		{28E0FE09-2EF3-41FE-8788-35870C601F1B}.Debug|Any CPU.ActiveCfg = Debug|Any CPU
		{28E0FE09-2EF3-41FE-8788-35870C601F1B}.Debug|Any CPU.Build.0 = Debug|Any CPU
		{28E0FE09-2EF3-41FE-8788-35870C601F1B}.Release|Any CPU.ActiveCfg = Release|Any CPU
		{28E0FE09-2EF3-41FE-8788-35870C601F1B}.Release|Any CPU.Build.0 = Release|Any CPU
		{9D663304-19B3-46DD-A519-384B6A72FF68}.Debug|Any CPU.ActiveCfg = Debug|Any CPU
		{9D663304-19B3-46DD-A519-384B6A72FF68}.Debug|Any CPU.Build.0 = Debug|Any CPU
		{9D663304-19B3-46DD-A519-384B6A72FF68}.Release|Any CPU.ActiveCfg = Release|Any CPU
		{9D663304-19B3-46DD-A519-384B6A72FF68}.Release|Any CPU.Build.0 = Release|Any CPU
		{8E3D2D48-02F2-4906-941C-F1E239AC7AF3}.Debug|Any CPU.ActiveCfg = Debug
		{8E3D2D48-02F2-4906-941C-F1E239AC7AF3}.Debug|Any CPU.Build.0 = Debug
		{8E3D2D48-02F2-4906-941C-F1E239AC7AF3}.Release|Any CPU.ActiveCfg = Release
		{8E3D2D48-02F2-4906-941C-F1E239AC7AF3}.Release|Any CPU.Build.0 = Release
		{F4578605-19FE-4441-94B0-6D0A75DEFB3A}.Debug|Any CPU.ActiveCfg = Debug|Any CPU
		{F4578605-19FE-4441-94B0-6D0A75DEFB3A}.Debug|Any CPU.Build.0 = Debug|Any CPU
		{F4578605-19FE-4441-94B0-6D0A75DEFB3A}.Release|Any CPU.ActiveCfg = Release|Any CPU
		{F4578605-19FE-4441-94B0-6D0A75DEFB3A}.Release|Any CPU.Build.0 = Release|Any CPU
	EndGlobalSection
	GlobalSection(SolutionProperties) = preSolution
		HideSolutionNode = FALSE
	EndGlobalSection
	GlobalSection(NestedProjects) = preSolution
		{9EC9428B-47CE-48EE-813A-D9C5DC1AFBD3} = {1E8DC17C-B93F-4CA6-BB5A-D25296824319}
		{9D663304-19B3-46DD-A519-384B6A72FF68} = {21FD1BDC-C334-4EFB-916F-0A51B3D72803}
		{8E3D2D48-02F2-4906-941C-F1E239AC7AF3} = {21FD1BDC-C334-4EFB-916F-0A51B3D72803}
		{F4578605-19FE-4441-94B0-6D0A75DEFB3A} = {1E8DC17C-B93F-4CA6-BB5A-D25296824319}
	EndGlobalSection
EndGlobal
